
Microsoft Visual Studio Solution File, Format Version 12.00
# Visual Studio Version 17
VisualStudioVersion = 17.11.35222.181
MinimumVisualStudioVersion = 10.0.40219.1
Project("{FAE04EC0-301F-11D3-BF4B-00C04F79EFBC}") = "ShoppingApplication", "ShoppingApplication\ShoppingApplication.csproj", "{1C1D87AC-BDCC-45D7-82BF-E06BF6421EE4}"
EndProject
Global
	GlobalSection(SolutionConfigurationPlatforms) = preSolution
		Debug|Any CPU = Debug|Any CPU
		Release|Any CPU = Release|Any CPU
	EndGlobalSection
	GlobalSection(ProjectConfigurationPlatforms) = postSolution
		{1C1D87AC-BDCC-45D7-82BF-E06BF6421EE4}.Debug|Any CPU.ActiveCfg = Debug|Any CPU
		{1C1D87AC-BDCC-45D7-82BF-E06BF6421EE4}.Debug|Any CPU.Build.0 = Debug|Any CPU
		{1C1D87AC-BDCC-45D7-82BF-E06BF6421EE4}.Release|Any CPU.ActiveCfg = Release|Any CPU
		{1C1D87AC-BDCC-45D7-82BF-E06BF6421EE4}.Release|Any CPU.Build.0 = Release|Any CPU
	EndGlobalSection
	GlobalSection(SolutionProperties) = preSolution
		HideSolutionNode = FALSE
	EndGlobalSection
	GlobalSection(ExtensibilityGlobals) = postSolution
		SolutionGuid = {B072C34B-B852-4DEE-ABC8-257D4A73A08D}
	EndGlobalSection
EndGlobal
