
Microsoft Visual Studio Solution File, Format Version 12.00
# Visual Studio Version 17
VisualStudioVersion = 17.11.35222.181
MinimumVisualStudioVersion = 10.0.40219.1
Project("{FAE04EC0-301F-11D3-BF4B-00C04F79EFBC}") = "CustomerApp", "CustomerApp\CustomerApp.csproj", "{6B9113DB-D8A8-4752-9ABE-7379D65432D2}"
EndProject
Global
	GlobalSection(SolutionConfigurationPlatforms) = preSolution
		Debug|Any CPU = Debug|Any CPU
		Release|Any CPU = Release|Any CPU
	EndGlobalSection
	GlobalSection(ProjectConfigurationPlatforms) = postSolution
		{6B9113DB-D8A8-4752-9ABE-7379D65432D2}.Debug|Any CPU.ActiveCfg = Debug|Any CPU
		{6B9113DB-D8A8-4752-9ABE-7379D65432D2}.Debug|Any CPU.Build.0 = Debug|Any CPU
		{6B9113DB-D8A8-4752-9ABE-7379D65432D2}.Release|Any CPU.ActiveCfg = Release|Any CPU
		{6B9113DB-D8A8-4752-9ABE-7379D65432D2}.Release|Any CPU.Build.0 = Release|Any CPU
	EndGlobalSection
	GlobalSection(SolutionProperties) = preSolution
		HideSolutionNode = FALSE
	EndGlobalSection
	GlobalSection(ExtensibilityGlobals) = postSolution
		SolutionGuid = {9AF91A61-FC58-4CBA-95D5-A99332F44476}
	EndGlobalSection
EndGlobal
