
Microsoft Visual Studio Solution File, Format Version 12.00
# Visual Studio Version 17
VisualStudioVersion = 17.11.35222.181
MinimumVisualStudioVersion = 10.0.40219.1
Project("{9A19103F-16F7-4668-BE54-9A1E7A4F7556}") = "EFCoreFirstAPI", "EFCoreFirstAPI\EFCoreFirstAPI.csproj", "{095B710D-E041-428F-8AAF-5DBF1BB981BA}"
EndProject
Project("{FAE04EC0-301F-11D3-BF4B-00C04F79EFBC}") = "EFCoreTest", "EFCoreTest\EFCoreTest.csproj", "{BEA9BC8D-AD07-4065-95D5-4A3FC82050BC}"
EndProject
Global
	GlobalSection(SolutionConfigurationPlatforms) = preSolution
		Debug|Any CPU = Debug|Any CPU
		Release|Any CPU = Release|Any CPU
	EndGlobalSection
	GlobalSection(ProjectConfigurationPlatforms) = postSolution
		{095B710D-E041-428F-8AAF-5DBF1BB981BA}.Debug|Any CPU.ActiveCfg = Debug|Any CPU
		{095B710D-E041-428F-8AAF-5DBF1BB981BA}.Debug|Any CPU.Build.0 = Debug|Any CPU
		{095B710D-E041-428F-8AAF-5DBF1BB981BA}.Release|Any CPU.ActiveCfg = Release|Any CPU
		{095B710D-E041-428F-8AAF-5DBF1BB981BA}.Release|Any CPU.Build.0 = Release|Any CPU
		{BEA9BC8D-AD07-4065-95D5-4A3FC82050BC}.Debug|Any CPU.ActiveCfg = Debug|Any CPU
		{BEA9BC8D-AD07-4065-95D5-4A3FC82050BC}.Debug|Any CPU.Build.0 = Debug|Any CPU
		{BEA9BC8D-AD07-4065-95D5-4A3FC82050BC}.Release|Any CPU.ActiveCfg = Release|Any CPU
		{BEA9BC8D-AD07-4065-95D5-4A3FC82050BC}.Release|Any CPU.Build.0 = Release|Any CPU
	EndGlobalSection
	GlobalSection(SolutionProperties) = preSolution
		HideSolutionNode = FALSE
	EndGlobalSection
	GlobalSection(ExtensibilityGlobals) = postSolution
		SolutionGuid = {A483AB9A-3698-4842-A8C0-305B4A5A5E79}
	EndGlobalSection
EndGlobal
