
Microsoft Visual Studio Solution File, Format Version 12.00
# Visual Studio Version 17
VisualStudioVersion = 17.11.35222.181
MinimumVisualStudioVersion = 10.0.40219.1
Project("{FAE04EC0-301F-11D3-BF4B-00C04F79EFBC}") = "FirstWebApp", "FirstWebApp\FirstWebApp.csproj", "{767E9730-0098-43C5-96C8-599529161900}"
EndProject
Global
	GlobalSection(SolutionConfigurationPlatforms) = preSolution
		Debug|Any CPU = Debug|Any CPU
		Release|Any CPU = Release|Any CPU
	EndGlobalSection
	GlobalSection(ProjectConfigurationPlatforms) = postSolution
		{767E9730-0098-43C5-96C8-599529161900}.Debug|Any CPU.ActiveCfg = Debug|Any CPU
		{767E9730-0098-43C5-96C8-599529161900}.Debug|Any CPU.Build.0 = Debug|Any CPU
		{767E9730-0098-43C5-96C8-599529161900}.Release|Any CPU.ActiveCfg = Release|Any CPU
		{767E9730-0098-43C5-96C8-599529161900}.Release|Any CPU.Build.0 = Release|Any CPU
	EndGlobalSection
	GlobalSection(SolutionProperties) = preSolution
		HideSolutionNode = FALSE
	EndGlobalSection
	GlobalSection(ExtensibilityGlobals) = postSolution
		SolutionGuid = {3408CD99-A28C-4AE5-B149-30FC97556C18}
	EndGlobalSection
EndGlobal
