
Microsoft Visual Studio Solution File, Format Version 12.00
# Visual Studio Version 17
VisualStudioVersion = 17.11.35222.181
MinimumVisualStudioVersion = 10.0.40219.1
Project("{FAE04EC0-301F-11D3-BF4B-00C04F79EFBC}") = "EFFirstApp", "EFFirstApp\EFFirstApp.csproj", "{10327161-A6AD-41BC-B270-5DA311B58F0A}"
EndProject
Global
	GlobalSection(SolutionConfigurationPlatforms) = preSolution
		Debug|Any CPU = Debug|Any CPU
		Release|Any CPU = Release|Any CPU
	EndGlobalSection
	GlobalSection(ProjectConfigurationPlatforms) = postSolution
		{10327161-A6AD-41BC-B270-5DA311B58F0A}.Debug|Any CPU.ActiveCfg = Debug|Any CPU
		{10327161-A6AD-41BC-B270-5DA311B58F0A}.Debug|Any CPU.Build.0 = Debug|Any CPU
		{10327161-A6AD-41BC-B270-5DA311B58F0A}.Release|Any CPU.ActiveCfg = Release|Any CPU
		{10327161-A6AD-41BC-B270-5DA311B58F0A}.Release|Any CPU.Build.0 = Release|Any CPU
	EndGlobalSection
	GlobalSection(SolutionProperties) = preSolution
		HideSolutionNode = FALSE
	EndGlobalSection
	GlobalSection(ExtensibilityGlobals) = postSolution
		SolutionGuid = {AC26D2C4-1F03-4817-8A9A-29C76A1CB722}
	EndGlobalSection
EndGlobal
