
Microsoft Visual Studio Solution File, Format Version 12.00
# Visual Studio Version 17
VisualStudioVersion = 17.11.35222.181
MinimumVisualStudioVersion = 10.0.40219.1
Project("{FAE04EC0-301F-11D3-BF4B-00C04F79EFBC}") = "MyFirstAPI", "MyFirstAPI\MyFirstAPI.csproj", "{D3E93BF4-474A-4FD0-9D33-D6DF824B5E2E}"
EndProject
Global
	GlobalSection(SolutionConfigurationPlatforms) = preSolution
		Debug|Any CPU = Debug|Any CPU
		Release|Any CPU = Release|Any CPU
	EndGlobalSection
	GlobalSection(ProjectConfigurationPlatforms) = postSolution
		{D3E93BF4-474A-4FD0-9D33-D6DF824B5E2E}.Debug|Any CPU.ActiveCfg = Debug|Any CPU
		{D3E93BF4-474A-4FD0-9D33-D6DF824B5E2E}.Debug|Any CPU.Build.0 = Debug|Any CPU
		{D3E93BF4-474A-4FD0-9D33-D6DF824B5E2E}.Release|Any CPU.ActiveCfg = Release|Any CPU
		{D3E93BF4-474A-4FD0-9D33-D6DF824B5E2E}.Release|Any CPU.Build.0 = Release|Any CPU
	EndGlobalSection
	GlobalSection(SolutionProperties) = preSolution
		HideSolutionNode = FALSE
	EndGlobalSection
	GlobalSection(ExtensibilityGlobals) = postSolution
		SolutionGuid = {FB8820AD-A9C5-4754-9454-D7EFEB947B5C}
	EndGlobalSection
EndGlobal
